
Microsoft Visual Studio Solution File, Format Version 12.00
# Visual Studio Version 16
VisualStudioVersion = 16.0.29318.209
MinimumVisualStudioVersion = 10.0.40219.1
Project("{FAE04EC0-301F-11D3-BF4B-00C04F79EFBC}") = "test", "test\test.csproj", "{4F42D19B-80D2-441D-9324-A2F3E217BBA2}"
EndProject
Global
	GlobalSection(SolutionConfigurationPlatforms) = preSolution
		Debug|Any CPU = Debug|Any CPU
		Release|Any CPU = Release|Any CPU
	EndGlobalSection
	GlobalSection(ProjectConfigurationPlatforms) = postSolution
		{4F42D19B-80D2-441D-9324-A2F3E217BBA2}.Debug|Any CPU.ActiveCfg = Debug|Any CPU
		{4F42D19B-80D2-441D-9324-A2F3E217BBA2}.Debug|Any CPU.Build.0 = Debug|Any CPU
		{4F42D19B-80D2-441D-9324-A2F3E217BBA2}.Release|Any CPU.ActiveCfg = Release|Any CPU
		{4F42D19B-80D2-441D-9324-A2F3E217BBA2}.Release|Any CPU.Build.0 = Release|Any CPU
	EndGlobalSection
	GlobalSection(SolutionProperties) = preSolution
		HideSolutionNode = FALSE
	EndGlobalSection
	GlobalSection(ExtensibilityGlobals) = postSolution
		SolutionGuid = {BC46BDB2-CBFF-48C9-99BA-A12421F3D59A}
	EndGlobalSection
EndGlobal
