
Microsoft Visual Studio Solution File, Format Version 12.00
# Visual Studio Version 16
VisualStudioVersion = 16.0.29318.209
MinimumVisualStudioVersion = 10.0.40219.1
Project("{FAE04EC0-301F-11D3-BF4B-00C04F79EFBC}") = "threeSummed", "threeSummed\threeSummed.csproj", "{95F470F4-CAC1-4DCD-AC67-397534A06758}"
EndProject
Global
	GlobalSection(SolutionConfigurationPlatforms) = preSolution
		Debug|Any CPU = Debug|Any CPU
		Release|Any CPU = Release|Any CPU
	EndGlobalSection
	GlobalSection(ProjectConfigurationPlatforms) = postSolution
		{95F470F4-CAC1-4DCD-AC67-397534A06758}.Debug|Any CPU.ActiveCfg = Debug|Any CPU
		{95F470F4-CAC1-4DCD-AC67-397534A06758}.Debug|Any CPU.Build.0 = Debug|Any CPU
		{95F470F4-CAC1-4DCD-AC67-397534A06758}.Release|Any CPU.ActiveCfg = Release|Any CPU
		{95F470F4-CAC1-4DCD-AC67-397534A06758}.Release|Any CPU.Build.0 = Release|Any CPU
	EndGlobalSection
	GlobalSection(SolutionProperties) = preSolution
		HideSolutionNode = FALSE
	EndGlobalSection
	GlobalSection(ExtensibilityGlobals) = postSolution
		SolutionGuid = {1846BB16-970C-4BA0-9B88-632578D6E22B}
	EndGlobalSection
EndGlobal
