
Microsoft Visual Studio Solution File, Format Version 12.00
# Visual Studio Version 16
VisualStudioVersion = 16.0.29318.209
MinimumVisualStudioVersion = 10.0.40219.1
Project("{FAE04EC0-301F-11D3-BF4B-00C04F79EFBC}") = "stringToInteger", "stringToInteger\stringToInteger.csproj", "{637C2284-AF6F-4A3C-AF03-A4AE87CECA48}"
EndProject
Global
	GlobalSection(SolutionConfigurationPlatforms) = preSolution
		Debug|Any CPU = Debug|Any CPU
		Release|Any CPU = Release|Any CPU
	EndGlobalSection
	GlobalSection(ProjectConfigurationPlatforms) = postSolution
		{637C2284-AF6F-4A3C-AF03-A4AE87CECA48}.Debug|Any CPU.ActiveCfg = Debug|Any CPU
		{637C2284-AF6F-4A3C-AF03-A4AE87CECA48}.Debug|Any CPU.Build.0 = Debug|Any CPU
		{637C2284-AF6F-4A3C-AF03-A4AE87CECA48}.Release|Any CPU.ActiveCfg = Release|Any CPU
		{637C2284-AF6F-4A3C-AF03-A4AE87CECA48}.Release|Any CPU.Build.0 = Release|Any CPU
	EndGlobalSection
	GlobalSection(SolutionProperties) = preSolution
		HideSolutionNode = FALSE
	EndGlobalSection
	GlobalSection(ExtensibilityGlobals) = postSolution
		SolutionGuid = {68EF9253-B14F-4885-8258-4B1AB5AAB08E}
	EndGlobalSection
EndGlobal
