
Microsoft Visual Studio Solution File, Format Version 12.00
# Visual Studio Version 16
VisualStudioVersion = 16.0.29318.209
MinimumVisualStudioVersion = 10.0.40219.1
Project("{FAE04EC0-301F-11D3-BF4B-00C04F79EFBC}") = "containerWithMostWater", "containerWithMostWater\containerWithMostWater.csproj", "{1D9CA61B-70D5-4009-8D42-343ED2EEB7DC}"
EndProject
Global
	GlobalSection(SolutionConfigurationPlatforms) = preSolution
		Debug|Any CPU = Debug|Any CPU
		Release|Any CPU = Release|Any CPU
	EndGlobalSection
	GlobalSection(ProjectConfigurationPlatforms) = postSolution
		{1D9CA61B-70D5-4009-8D42-343ED2EEB7DC}.Debug|Any CPU.ActiveCfg = Debug|Any CPU
		{1D9CA61B-70D5-4009-8D42-343ED2EEB7DC}.Debug|Any CPU.Build.0 = Debug|Any CPU
		{1D9CA61B-70D5-4009-8D42-343ED2EEB7DC}.Release|Any CPU.ActiveCfg = Release|Any CPU
		{1D9CA61B-70D5-4009-8D42-343ED2EEB7DC}.Release|Any CPU.Build.0 = Release|Any CPU
	EndGlobalSection
	GlobalSection(SolutionProperties) = preSolution
		HideSolutionNode = FALSE
	EndGlobalSection
	GlobalSection(ExtensibilityGlobals) = postSolution
		SolutionGuid = {139CC106-A152-4673-AE96-7396488333F0}
	EndGlobalSection
EndGlobal
